// !$*UTF8*$!
{
	archiveVersion = 1;
	classes = {
	};
	objectVersion = 46;
	objects = {

/* Begin PBXBuildFile section */
		B8A8862C1D59A1C500459CE7 /* main.m in Sources */ = {isa = PBXBuildFile; fileRef = B8A8862B1D59A1C500459CE7 /* main.m */; };
		B8A8862F1D59A1C500459CE7 /* AppDelegate.m in Sources */ = {isa = PBXBuildFile; fileRef = B8A8862E1D59A1C500459CE7 /* AppDelegate.m */; };
		B8A886321D59A1C500459CE7 /* ViewController.m in Sources */ = {isa = PBXBuildFile; fileRef = B8A886311D59A1C500459CE7 /* ViewController.m */; };
		B8A886351D59A1C500459CE7 /* Main.storyboard in Resources */ = {isa = PBXBuildFile; fileRef = B8A886331D59A1C500459CE7 /* Main.storyboard */; };
		B8A886371D59A1C500459CE7 /* Assets.xcassets in Resources */ = {isa = PBXBuildFile; fileRef = B8A886361D59A1C500459CE7 /* Assets.xcassets */; };
		B8A8863A1D59A1C500459CE7 /* LaunchScreen.storyboard in Resources */ = {isa = PBXBuildFile; fileRef = B8A886381D59A1C500459CE7 /* LaunchScreen.storyboard */; };
		B8A886451D59A1C500459CE7 /* UDiskTests.m in Sources */ = {isa = PBXBuildFile; fileRef = B8A886441D59A1C500459CE7 /* UDiskTests.m */; };
		B8A886501D59A1C500459CE7 /* UDiskUITests.m in Sources */ = {isa = PBXBuildFile; fileRef = B8A8864F1D59A1C500459CE7 /* UDiskUITests.m */; };
		B8A8865F1D59A1D600459CE7 /* FileSystem.m in Sources */ = {isa = PBXBuildFile; fileRef = B8A8865E1D59A1D600459CE7 /* FileSystem.m */; };
		B8A886681D59A88B00459CE7 /* FileItemModel.m in Sources */ = {isa = PBXBuildFile; fileRef = B8A886671D59A88B00459CE7 /* FileItemModel.m */; settings = {COMPILER_FLAGS = "-fno-objc-arc"; }; };
		B8A8866B1D59AAB200459CE7 /* FileIO.c in Sources */ = {isa = PBXBuildFile; fileRef = B8A886691D59AAB200459CE7 /* FileIO.c */; };
		B8A8866E1D59AAD700459CE7 /* EADSessionController.m in Sources */ = {isa = PBXBuildFile; fileRef = B8A8866D1D59AAD700459CE7 /* EADSessionController.m */; settings = {COMPILER_FLAGS = "-fno-objc-arc"; }; };
		B8A886731D59B72A00459CE7 /* Filelist.m in Sources */ = {isa = PBXBuildFile; fileRef = B8A886711D59B72A00459CE7 /* Filelist.m */; };
		B8A886741D59B72A00459CE7 /* Filelist.xib in Resources */ = {isa = PBXBuildFile; fileRef = B8A886721D59B72A00459CE7 /* Filelist.xib */; };
/* End PBXBuildFile section */

/* Begin PBXContainerItemProxy section */
		B8A886411D59A1C500459CE7 /* PBXContainerItemProxy */ = {
			isa = PBXContainerItemProxy;
			containerPortal = B8A8861F1D59A1C500459CE7 /* Project object */;
			proxyType = 1;
			remoteGlobalIDString = B8A886261D59A1C500459CE7;
			remoteInfo = UDisk;
		};
		B8A8864C1D59A1C500459CE7 /* PBXContainerItemProxy */ = {
			isa = PBXContainerItemProxy;
			containerPortal = B8A8861F1D59A1C500459CE7 /* Project object */;
			proxyType = 1;
			remoteGlobalIDString = B8A886261D59A1C500459CE7;
			remoteInfo = UDisk;
		};
/* End PBXContainerItemProxy section */

/* Begin PBXFileReference section */
		B8A886271D59A1C500459CE7 /* UDisk.app */ = {isa = PBXFileReference; explicitFileType = wrapper.application; includeInIndex = 0; path = UDisk.app; sourceTree = BUILT_PRODUCTS_DIR; };
		B8A8862B1D59A1C500459CE7 /* main.m */ = {isa = PBXFileReference; lastKnownFileType = sourcecode.c.objc; path = main.m; sourceTree = "<group>"; };
		B8A8862D1D59A1C500459CE7 /* AppDelegate.h */ = {isa = PBXFileReference; lastKnownFileType = sourcecode.c.h; path = AppDelegate.h; sourceTree = "<group>"; };
		B8A8862E1D59A1C500459CE7 /* AppDelegate.m */ = {isa = PBXFileReference; lastKnownFileType = sourcecode.c.objc; path = AppDelegate.m; sourceTree = "<group>"; };
		B8A886301D59A1C500459CE7 /* ViewController.h */ = {isa = PBXFileReference; lastKnownFileType = sourcecode.c.h; path = ViewController.h; sourceTree = "<group>"; };
		B8A886311D59A1C500459CE7 /* ViewController.m */ = {isa = PBXFileReference; lastKnownFileType = sourcecode.c.objc; path = ViewController.m; sourceTree = "<group>"; };
		B8A886341D59A1C500459CE7 /* Base */ = {isa = PBXFileReference; lastKnownFileType = file.storyboard; name = Base; path = Base.lproj/Main.storyboard; sourceTree = "<group>"; };
		B8A886361D59A1C500459CE7 /* Assets.xcassets */ = {isa = PBXFileReference; lastKnownFileType = folder.assetcatalog; path = Assets.xcassets; sourceTree = "<group>"; };
		B8A886391D59A1C500459CE7 /* Base */ = {isa = PBXFileReference; lastKnownFileType = file.storyboard; name = Base; path = Base.lproj/LaunchScreen.storyboard; sourceTree = "<group>"; };
		B8A8863B1D59A1C500459CE7 /* Info.plist */ = {isa = PBXFileReference; lastKnownFileType = text.plist.xml; path = Info.plist; sourceTree = "<group>"; };
		B8A886401D59A1C500459CE7 /* UDiskTests.xctest */ = {isa = PBXFileReference; explicitFileType = wrapper.cfbundle; includeInIndex = 0; path = UDiskTests.xctest; sourceTree = BUILT_PRODUCTS_DIR; };
		B8A886441D59A1C500459CE7 /* UDiskTests.m */ = {isa = PBXFileReference; lastKnownFileType = sourcecode.c.objc; path = UDiskTests.m; sourceTree = "<group>"; };
		B8A886461D59A1C500459CE7 /* Info.plist */ = {isa = PBXFileReference; lastKnownFileType = text.plist.xml; path = Info.plist; sourceTree = "<group>"; };
		B8A8864B1D59A1C500459CE7 /* UDiskUITests.xctest */ = {isa = PBXFileReference; explicitFileType = wrapper.cfbundle; includeInIndex = 0; path = UDiskUITests.xctest; sourceTree = BUILT_PRODUCTS_DIR; };
		B8A8864F1D59A1C500459CE7 /* UDiskUITests.m */ = {isa = PBXFileReference; lastKnownFileType = sourcecode.c.objc; path = UDiskUITests.m; sourceTree = "<group>"; };
		B8A886511D59A1C500459CE7 /* Info.plist */ = {isa = PBXFileReference; lastKnownFileType = text.plist.xml; path = Info.plist; sourceTree = "<group>"; };
		B8A8865D1D59A1D600459CE7 /* FileSystem.h */ = {isa = PBXFileReference; fileEncoding = 4; lastKnownFileType = sourcecode.c.h; path = FileSystem.h; sourceTree = "<group>"; };
		B8A8865E1D59A1D600459CE7 /* FileSystem.m */ = {isa = PBXFileReference; fileEncoding = 4; lastKnownFileType = sourcecode.c.objc; path = FileSystem.m; sourceTree = "<group>"; };
		B8A886661D59A88B00459CE7 /* FileItemModel.h */ = {isa = PBXFileReference; fileEncoding = 4; lastKnownFileType = sourcecode.c.h; path = FileItemModel.h; sourceTree = "<group>"; };
		B8A886671D59A88B00459CE7 /* FileItemModel.m */ = {isa = PBXFileReference; fileEncoding = 4; lastKnownFileType = sourcecode.c.objc; path = FileItemModel.m; sourceTree = "<group>"; };
		B8A886691D59AAB200459CE7 /* FileIO.c */ = {isa = PBXFileReference; fileEncoding = 4; lastKnownFileType = sourcecode.c.c; path = FileIO.c; sourceTree = "<group>"; };
		B8A8866A1D59AAB200459CE7 /* FileIO.h */ = {isa = PBXFileReference; fileEncoding = 4; lastKnownFileType = sourcecode.c.h; path = FileIO.h; sourceTree = "<group>"; };
		B8A8866C1D59AAD700459CE7 /* EADSessionController.h */ = {isa = PBXFileReference; fileEncoding = 4; lastKnownFileType = sourcecode.c.h; path = EADSessionController.h; sourceTree = "<group>"; };
		B8A8866D1D59AAD700459CE7 /* EADSessionController.m */ = {isa = PBXFileReference; fileEncoding = 4; lastKnownFileType = sourcecode.c.objc; path = EADSessionController.m; sourceTree = "<group>"; };
		B8A886701D59B72A00459CE7 /* Filelist.h */ = {isa = PBXFileReference; fileEncoding = 4; lastKnownFileType = sourcecode.c.h; path = Filelist.h; sourceTree = "<group>"; };
		B8A886711D59B72A00459CE7 /* Filelist.m */ = {isa = PBXFileReference; fileEncoding = 4; lastKnownFileType = sourcecode.c.objc; path = Filelist.m; sourceTree = "<group>"; };
		B8A886721D59B72A00459CE7 /* Filelist.xib */ = {isa = PBXFileReference; fileEncoding = 4; lastKnownFileType = file.xib; path = Filelist.xib; sourceTree = "<group>"; };
/* End PBXFileReference section */

/* Begin PBXFrameworksBuildPhase section */
		B8A886241D59A1C500459CE7 /* Frameworks */ = {
			isa = PBXFrameworksBuildPhase;
			buildActionMask = 2147483647;
			files = (
			);
			runOnlyForDeploymentPostprocessing = 0;
		};
		B8A8863D1D59A1C500459CE7 /* Frameworks */ = {
			isa = PBXFrameworksBuildPhase;
			buildActionMask = 2147483647;
			files = (
			);
			runOnlyForDeploymentPostprocessing = 0;
		};
		B8A886481D59A1C500459CE7 /* Frameworks */ = {
			isa = PBXFrameworksBuildPhase;
			buildActionMask = 2147483647;
			files = (
			);
			runOnlyForDeploymentPostprocessing = 0;
		};
/* End PBXFrameworksBuildPhase section */

/* Begin PBXGroup section */
		B8A8861E1D59A1C500459CE7 = {
			isa = PBXGroup;
			children = (
				B8A886291D59A1C500459CE7 /* UDisk */,
				B8A886431D59A1C500459CE7 /* UDiskTests */,
				B8A8864E1D59A1C500459CE7 /* UDiskUITests */,
				B8A886281D59A1C500459CE7 /* Products */,
			);
			sourceTree = "<group>";
		};
		B8A886281D59A1C500459CE7 /* Products */ = {
			isa = PBXGroup;
			children = (
				B8A886271D59A1C500459CE7 /* UDisk.app */,
				B8A886401D59A1C500459CE7 /* UDiskTests.xctest */,
				B8A8864B1D59A1C500459CE7 /* UDiskUITests.xctest */,
			);
			name = Products;
			sourceTree = "<group>";
		};
		B8A886291D59A1C500459CE7 /* UDisk */ = {
			isa = PBXGroup;
			children = (
				B8A886751D59BD1000459CE7 /* Filesystem */,
				B8A8862D1D59A1C500459CE7 /* AppDelegate.h */,
				B8A8862E1D59A1C500459CE7 /* AppDelegate.m */,
				B8A886301D59A1C500459CE7 /* ViewController.h */,
				B8A886311D59A1C500459CE7 /* ViewController.m */,
				B8A886331D59A1C500459CE7 /* Main.storyboard */,
				B8A886361D59A1C500459CE7 /* Assets.xcassets */,
				B8A886381D59A1C500459CE7 /* LaunchScreen.storyboard */,
				B8A8863B1D59A1C500459CE7 /* Info.plist */,
				B8A8862A1D59A1C500459CE7 /* Supporting Files */,
			);
			path = UDisk;
			sourceTree = "<group>";
		};
		B8A8862A1D59A1C500459CE7 /* Supporting Files */ = {
			isa = PBXGroup;
			children = (
				B8A8862B1D59A1C500459CE7 /* main.m */,
			);
			name = "Supporting Files";
			sourceTree = "<group>";
		};
		B8A886431D59A1C500459CE7 /* UDiskTests */ = {
			isa = PBXGroup;
			children = (
				B8A886441D59A1C500459CE7 /* UDiskTests.m */,
				B8A886461D59A1C500459CE7 /* Info.plist */,
			);
			path = UDiskTests;
			sourceTree = "<group>";
		};
		B8A8864E1D59A1C500459CE7 /* UDiskUITests */ = {
			isa = PBXGroup;
			children = (
				B8A8864F1D59A1C500459CE7 /* UDiskUITests.m */,
				B8A886511D59A1C500459CE7 /* Info.plist */,
			);
			path = UDiskUITests;
			sourceTree = "<group>";
		};
		B8A886751D59BD1000459CE7 /* Filesystem */ = {
			isa = PBXGroup;
			children = (
				B8A8865D1D59A1D600459CE7 /* FileSystem.h */,
				B8A8865E1D59A1D600459CE7 /* FileSystem.m */,
				B8A886661D59A88B00459CE7 /* FileItemModel.h */,
				B8A886671D59A88B00459CE7 /* FileItemModel.m */,
				B8A886691D59AAB200459CE7 /* FileIO.c */,
				B8A8866A1D59AAB200459CE7 /* FileIO.h */,
				B8A8866C1D59AAD700459CE7 /* EADSessionController.h */,
				B8A8866D1D59AAD700459CE7 /* EADSessionController.m */,
				B8A886701D59B72A00459CE7 /* Filelist.h */,
				B8A886711D59B72A00459CE7 /* Filelist.m */,
				B8A886721D59B72A00459CE7 /* Filelist.xib */,
			);
			name = Filesystem;
			sourceTree = "<group>";
		};
/* End PBXGroup section */

/* Begin PBXNativeTarget section */
		B8A886261D59A1C500459CE7 /* UDisk */ = {
			isa = PBXNativeTarget;
			buildConfigurationList = B8A886541D59A1C500459CE7 /* Build configuration list for PBXNativeTarget "UDisk" */;
			buildPhases = (
				B8A886231D59A1C500459CE7 /* Sources */,
				B8A886241D59A1C500459CE7 /* Frameworks */,
				B8A886251D59A1C500459CE7 /* Resources */,
			);
			buildRules = (
			);
			dependencies = (
			);
			name = UDisk;
			productName = UDisk;
			productReference = B8A886271D59A1C500459CE7 /* UDisk.app */;
			productType = "com.apple.product-type.application";
		};
		B8A8863F1D59A1C500459CE7 /* UDiskTests */ = {
			isa = PBXNativeTarget;
			buildConfigurationList = B8A886571D59A1C500459CE7 /* Build configuration list for PBXNativeTarget "UDiskTests" */;
			buildPhases = (
				B8A8863C1D59A1C500459CE7 /* Sources */,
				B8A8863D1D59A1C500459CE7 /* Frameworks */,
				B8A8863E1D59A1C500459CE7 /* Resources */,
			);
			buildRules = (
			);
			dependencies = (
				B8A886421D59A1C500459CE7 /* PBXTargetDependency */,
			);
			name = UDiskTests;
			productName = UDiskTests;
			productReference = B8A886401D59A1C500459CE7 /* UDiskTests.xctest */;
			productType = "com.apple.product-type.bundle.unit-test";
		};
		B8A8864A1D59A1C500459CE7 /* UDiskUITests */ = {
			isa = PBXNativeTarget;
			buildConfigurationList = B8A8865A1D59A1C500459CE7 /* Build configuration list for PBXNativeTarget "UDiskUITests" */;
			buildPhases = (
				B8A886471D59A1C500459CE7 /* Sources */,
				B8A886481D59A1C500459CE7 /* Frameworks */,
				B8A886491D59A1C500459CE7 /* Resources */,
			);
			buildRules = (
			);
			dependencies = (
				B8A8864D1D59A1C500459CE7 /* PBXTargetDependency */,
			);
			name = UDiskUITests;
			productName = UDiskUITests;
			productReference = B8A8864B1D59A1C500459CE7 /* UDiskUITests.xctest */;
			productType = "com.apple.product-type.bundle.ui-testing";
		};
/* End PBXNativeTarget section */

/* Begin PBXProject section */
		B8A8861F1D59A1C500459CE7 /* Project object */ = {
			isa = PBXProject;
			attributes = {
				LastUpgradeCheck = 0730;
				ORGANIZATIONNAME = "两仪式";
				TargetAttributes = {
					B8A886261D59A1C500459CE7 = {
						CreatedOnToolsVersion = 7.3.1;
						DevelopmentTeam = RZJX863SMT;
					};
					B8A8863F1D59A1C500459CE7 = {
						CreatedOnToolsVersion = 7.3.1;
						TestTargetID = B8A886261D59A1C500459CE7;
					};
					B8A8864A1D59A1C500459CE7 = {
						CreatedOnToolsVersion = 7.3.1;
						TestTargetID = B8A886261D59A1C500459CE7;
					};
				};
			};
			buildConfigurationList = B8A886221D59A1C500459CE7 /* Build configuration list for PBXProject "UDisk" */;
			compatibilityVersion = "Xcode 3.2";
			developmentRegion = English;
			hasScannedForEncodings = 0;
			knownRegions = (
				en,
				Base,
			);
			mainGroup = B8A8861E1D59A1C500459CE7;
			productRefGroup = B8A886281D59A1C500459CE7 /* Products */;
			projectDirPath = "";
			projectRoot = "";
			targets = (
				B8A886261D59A1C500459CE7 /* UDisk */,
				B8A8863F1D59A1C500459CE7 /* UDiskTests */,
				B8A8864A1D59A1C500459CE7 /* UDiskUITests */,
			);
		};
/* End PBXProject section */

/* Begin PBXResourcesBuildPhase section */
		B8A886251D59A1C500459CE7 /* Resources */ = {
			isa = PBXResourcesBuildPhase;
			buildActionMask = 2147483647;
			files = (
				B8A8863A1D59A1C500459CE7 /* LaunchScreen.storyboard in Resources */,
				B8A886741D59B72A00459CE7 /* Filelist.xib in Resources */,
				B8A886371D59A1C500459CE7 /* Assets.xcassets in Resources */,
				B8A886351D59A1C500459CE7 /* Main.storyboard in Resources */,
			);
			runOnlyForDeploymentPostprocessing = 0;
		};
		B8A8863E1D59A1C500459CE7 /* Resources */ = {
			isa = PBXResourcesBuildPhase;
			buildActionMask = 2147483647;
			files = (
			);
			runOnlyForDeploymentPostprocessing = 0;
		};
		B8A886491D59A1C500459CE7 /* Resources */ = {
			isa = PBXResourcesBuildPhase;
			buildActionMask = 2147483647;
			files = (
			);
			runOnlyForDeploymentPostprocessing = 0;
		};
/* End PBXResourcesBuildPhase section */

/* Begin PBXSourcesBuildPhase section */
		B8A886231D59A1C500459CE7 /* Sources */ = {
			isa = PBXSourcesBuildPhase;
			buildActionMask = 2147483647;
			files = (
				B8A8865F1D59A1D600459CE7 /* FileSystem.m in Sources */,
				B8A886731D59B72A00459CE7 /* Filelist.m in Sources */,
				B8A886681D59A88B00459CE7 /* FileItemModel.m in Sources */,
				B8A886321D59A1C500459CE7 /* ViewController.m in Sources */,
				B8A8866E1D59AAD700459CE7 /* EADSessionController.m in Sources */,
				B8A8866B1D59AAB200459CE7 /* FileIO.c in Sources */,
				B8A8862F1D59A1C500459CE7 /* AppDelegate.m in Sources */,
				B8A8862C1D59A1C500459CE7 /* main.m in Sources */,
			);
			runOnlyForDeploymentPostprocessing = 0;
		};
		B8A8863C1D59A1C500459CE7 /* Sources */ = {
			isa = PBXSourcesBuildPhase;
			buildActionMask = 2147483647;
			files = (
				B8A886451D59A1C500459CE7 /* UDiskTests.m in Sources */,
			);
			runOnlyForDeploymentPostprocessing = 0;
		};
		B8A886471D59A1C500459CE7 /* Sources */ = {
			isa = PBXSourcesBuildPhase;
			buildActionMask = 2147483647;
			files = (
				B8A886501D59A1C500459CE7 /* UDiskUITests.m in Sources */,
			);
			runOnlyForDeploymentPostprocessing = 0;
		};
/* End PBXSourcesBuildPhase section */

/* Begin PBXTargetDependency section */
		B8A886421D59A1C500459CE7 /* PBXTargetDependency */ = {
			isa = PBXTargetDependency;
			target = B8A886261D59A1C500459CE7 /* UDisk */;
			targetProxy = B8A886411D59A1C500459CE7 /* PBXContainerItemProxy */;
		};
		B8A8864D1D59A1C500459CE7 /* PBXTargetDependency */ = {
			isa = PBXTargetDependency;
			target = B8A886261D59A1C500459CE7 /* UDisk */;
			targetProxy = B8A8864C1D59A1C500459CE7 /* PBXContainerItemProxy */;
		};
/* End PBXTargetDependency section */

/* Begin PBXVariantGroup section */
		B8A886331D59A1C500459CE7 /* Main.storyboard */ = {
			isa = PBXVariantGroup;
			children = (
				B8A886341D59A1C500459CE7 /* Base */,
			);
			name = Main.storyboard;
			sourceTree = "<group>";
		};
		B8A886381D59A1C500459CE7 /* LaunchScreen.storyboard */ = {
			isa = PBXVariantGroup;
			children = (
				B8A886391D59A1C500459CE7 /* Base */,
			);
			name = LaunchScreen.storyboard;
			sourceTree = "<group>";
		};
/* End PBXVariantGroup section */

/* Begin XCBuildConfiguration section */
		B8A886521D59A1C500459CE7 /* Debug */ = {
			isa = XCBuildConfiguration;
			buildSettings = {
				ALWAYS_SEARCH_USER_PATHS = NO;
				CLANG_ANALYZER_NONNULL = YES;
				CLANG_CXX_LANGUAGE_STANDARD = "gnu++0x";
				CLANG_CXX_LIBRARY = "libc++";
				CLANG_ENABLE_MODULES = YES;
				CLANG_ENABLE_OBJC_ARC = YES;
				CLANG_WARN_BOOL_CONVERSION = YES;
				CLANG_WARN_CONSTANT_CONVERSION = YES;
				CLANG_WARN_DIRECT_OBJC_ISA_USAGE = YES_ERROR;
				CLANG_WARN_EMPTY_BODY = YES;
				CLANG_WARN_ENUM_CONVERSION = YES;
				CLANG_WARN_INT_CONVERSION = YES;
				CLANG_WARN_OBJC_ROOT_CLASS = YES_ERROR;
				CLANG_WARN_UNREACHABLE_CODE = YES;
				CLANG_WARN__DUPLICATE_METHOD_MATCH = YES;
				"CODE_SIGN_IDENTITY[sdk=iphoneos*]" = "iPhone Developer";
				COPY_PHASE_STRIP = NO;
				DEBUG_INFORMATION_FORMAT = dwarf;
				ENABLE_STRICT_OBJC_MSGSEND = YES;
				ENABLE_TESTABILITY = YES;
				GCC_C_LANGUAGE_STANDARD = gnu99;
				GCC_DYNAMIC_NO_PIC = NO;
				GCC_NO_COMMON_BLOCKS = YES;
				GCC_OPTIMIZATION_LEVEL = 0;
				GCC_PREPROCESSOR_DEFINITIONS = (
					"DEBUG=1",
					"$(inherited)",
				);
				GCC_WARN_64_TO_32_BIT_CONVERSION = YES;
				GCC_WARN_ABOUT_RETURN_TYPE = YES_ERROR;
				GCC_WARN_UNDECLARED_SELECTOR = YES;
				GCC_WARN_UNINITIALIZED_AUTOS = YES_AGGRESSIVE;
				GCC_WARN_UNUSED_FUNCTION = YES;
				GCC_WARN_UNUSED_VARIABLE = YES;
				IPHONEOS_DEPLOYMENT_TARGET = 9.3;
				MTL_ENABLE_DEBUG_INFO = YES;
				ONLY_ACTIVE_ARCH = YES;
				SDKROOT = iphoneos;
				TARGETED_DEVICE_FAMILY = "1,2";
			};
			name = Debug;
		};
		B8A886531D59A1C500459CE7 /* Release */ = {
			isa = XCBuildConfiguration;
			buildSettings = {
				ALWAYS_SEARCH_USER_PATHS = NO;
				CLANG_ANALYZER_NONNULL = YES;
				CLANG_CXX_LANGUAGE_STANDARD = "gnu++0x";
				CLANG_CXX_LIBRARY = "libc++";
				CLANG_ENABLE_MODULES = YES;
				CLANG_ENABLE_OBJC_ARC = YES;
				CLANG_WARN_BOOL_CONVERSION = YES;
				CLANG_WARN_CONSTANT_CONVERSION = YES;
				CLANG_WARN_DIRECT_OBJC_ISA_USAGE = YES_ERROR;
				CLANG_WARN_EMPTY_BODY = YES;
				CLANG_WARN_ENUM_CONVERSION = YES;
				CLANG_WARN_INT_CONVERSION = YES;
				CLANG_WARN_OBJC_ROOT_CLASS = YES_ERROR;
				CLANG_WARN_UNREACHABLE_CODE = YES;
				CLANG_WARN__DUPLICATE_METHOD_MATCH = YES;
				"CODE_SIGN_IDENTITY[sdk=iphoneos*]" = "iPhone Developer";
				COPY_PHASE_STRIP = NO;
				DEBUG_INFORMATION_FORMAT = "dwarf-with-dsym";
				ENABLE_NS_ASSERTIONS = NO;
				ENABLE_STRICT_OBJC_MSGSEND = YES;
				GCC_C_LANGUAGE_STANDARD = gnu99;
				GCC_NO_COMMON_BLOCKS = YES;
				GCC_WARN_64_TO_32_BIT_CONVERSION = YES;
				GCC_WARN_ABOUT_RETURN_TYPE = YES_ERROR;
				GCC_WARN_UNDECLARED_SELECTOR = YES;
				GCC_WARN_UNINITIALIZED_AUTOS = YES_AGGRESSIVE;
				GCC_WARN_UNUSED_FUNCTION = YES;
				GCC_WARN_UNUSED_VARIABLE = YES;
				IPHONEOS_DEPLOYMENT_TARGET = 9.3;
				MTL_ENABLE_DEBUG_INFO = NO;
				SDKROOT = iphoneos;
				TARGETED_DEVICE_FAMILY = "1,2";
				VALIDATE_PRODUCT = YES;
			};
			name = Release;
		};
		B8A886551D59A1C500459CE7 /* Debug */ = {
			isa = XCBuildConfiguration;
			buildSettings = {
				ASSETCATALOG_COMPILER_APPICON_NAME = AppIcon;
				CODE_SIGN_IDENTITY = "iPhone Developer";
				"CODE_SIGN_IDENTITY[sdk=iphoneos*]" = "iPhone Developer";
				GCC_PRECOMPILE_PREFIX_HEADER = NO;
				GCC_PREFIX_HEADER = "";
				HEADER_SEARCH_PATHS = "";
				INFOPLIST_FILE = UDisk/Info.plist;
				LD_RUNPATH_SEARCH_PATHS = "$(inherited) @executable_path/Frameworks";
				PRODUCT_BUNDLE_IDENTIFIER = com.shiki.test.UDisk;
				PRODUCT_NAME = "$(TARGET_NAME)";
				PROVISIONING_PROFILE = "";
			};
			name = Debug;
		};
		B8A886561D59A1C500459CE7 /* Release */ = {
			isa = XCBuildConfiguration;
			buildSettings = {
				ASSETCATALOG_COMPILER_APPICON_NAME = AppIcon;
				CODE_SIGN_IDENTITY = "iPhone Developer";
				"CODE_SIGN_IDENTITY[sdk=iphoneos*]" = "iPhone Developer";
				GCC_PRECOMPILE_PREFIX_HEADER = NO;
				GCC_PREFIX_HEADER = "";
				HEADER_SEARCH_PATHS = "";
				INFOPLIST_FILE = UDisk/Info.plist;
				LD_RUNPATH_SEARCH_PATHS = "$(inherited) @executable_path/Frameworks";
				PRODUCT_BUNDLE_IDENTIFIER = com.shiki.test.UDisk;
				PRODUCT_NAME = "$(TARGET_NAME)";
				PROVISIONING_PROFILE = "";
			};
			name = Release;
		};
		B8A886581D59A1C500459CE7 /* Debug */ = {
			isa = XCBuildConfiguration;
			buildSettings = {
				BUNDLE_LOADER = "$(TEST_HOST)";
				INFOPLIST_FILE = UDiskTests/Info.plist;
				LD_RUNPATH_SEARCH_PATHS = "$(inherited) @executable_path/Frameworks @loader_path/Frameworks";
				PRODUCT_BUNDLE_IDENTIFIER = com.shiki.test.UDiskTests;
				PRODUCT_NAME = "$(TARGET_NAME)";
				TEST_HOST = "$(BUILT_PRODUCTS_DIR)/UDisk.app/UDisk";
			};
			name = Debug;
		};
		B8A886591D59A1C500459CE7 /* Release */ = {
			isa = XCBuildConfiguration;
			buildSettings = {
				BUNDLE_LOADER = "$(TEST_HOST)";
				INFOPLIST_FILE = UDiskTests/Info.plist;
				LD_RUNPATH_SEARCH_PATHS = "$(inherited) @executable_path/Frameworks @loader_path/Frameworks";
				PRODUCT_BUNDLE_IDENTIFIER = com.shiki.test.UDiskTests;
				PRODUCT_NAME = "$(TARGET_NAME)";
				TEST_HOST = "$(BUILT_PRODUCTS_DIR)/UDisk.app/UDisk";
			};
			name = Release;
		};
		B8A8865B1D59A1C500459CE7 /* Debug */ = {
			isa = XCBuildConfiguration;
			buildSettings = {
				INFOPLIST_FILE = UDiskUITests/Info.plist;
				LD_RUNPATH_SEARCH_PATHS = "$(inherited) @executable_path/Frameworks @loader_path/Frameworks";
				PRODUCT_BUNDLE_IDENTIFIER = com.shiki.test.UDiskUITests;
				PRODUCT_NAME = "$(TARGET_NAME)";
				TEST_TARGET_NAME = UDisk;
			};
			name = Debug;
		};
		B8A8865C1D59A1C500459CE7 /* Release */ = {
			isa = XCBuildConfiguration;
			buildSettings = {
				INFOPLIST_FILE = UDiskUITests/Info.plist;
				LD_RUNPATH_SEARCH_PATHS = "$(inherited) @executable_path/Frameworks @loader_path/Frameworks";
				PRODUCT_BUNDLE_IDENTIFIER = com.shiki.test.UDiskUITests;
				PRODUCT_NAME = "$(TARGET_NAME)";
				TEST_TARGET_NAME = UDisk;
			};
			name = Release;
		};
/* End XCBuildConfiguration section */

/* Begin XCConfigurationList section */
		B8A886221D59A1C500459CE7 /* Build configuration list for PBXProject "UDisk" */ = {
			isa = XCConfigurationList;
			buildConfigurations = (
				B8A886521D59A1C500459CE7 /* Debug */,
				B8A886531D59A1C500459CE7 /* Release */,
			);
			defaultConfigurationIsVisible = 0;
			defaultConfigurationName = Release;
		};
		B8A886541D59A1C500459CE7 /* Build configuration list for PBXNativeTarget "UDisk" */ = {
			isa = XCConfigurationList;
			buildConfigurations = (
				B8A886551D59A1C500459CE7 /* Debug */,
				B8A886561D59A1C500459CE7 /* Release */,
			);
			defaultConfigurationIsVisible = 0;
			defaultConfigurationName = Release;
		};
		B8A886571D59A1C500459CE7 /* Build configuration list for PBXNativeTarget "UDiskTests" */ = {
			isa = XCConfigurationList;
			buildConfigurations = (
				B8A886581D59A1C500459CE7 /* Debug */,
				B8A886591D59A1C500459CE7 /* Release */,
			);
			defaultConfigurationIsVisible = 0;
			defaultConfigurationName = Release;
		};
		B8A8865A1D59A1C500459CE7 /* Build configuration list for PBXNativeTarget "UDiskUITests" */ = {
			isa = XCConfigurationList;
			buildConfigurations = (
				B8A8865B1D59A1C500459CE7 /* Debug */,
				B8A8865C1D59A1C500459CE7 /* Release */,
			);
			defaultConfigurationIsVisible = 0;
			defaultConfigurationName = Release;
		};
/* End XCConfigurationList section */
	};
	rootObject = B8A8861F1D59A1C500459CE7 /* Project object */;
}
